
Microsoft Visual Studio Solution File, Format Version 12.00
# Visual Studio Version 16
VisualStudioVersion = 16.0.29920.165
MinimumVisualStudioVersion = 10.0.40219.1
Project("{FAE04EC0-301F-11D3-BF4B-00C04F79EFBC}") = "SkMPTest0", "SkMPTest0\SkMPTest0.csproj", "{25C1E4C7-B2F5-4B60-9AD0-0B37BCD6B5A7}"
EndProject
Project("{2150E333-8FDC-42A3-9474-1A3956D46DE8}") = "Hashing", "Hashing", "{A3FC4872-5B2A-4868-9F40-6584BD30A15C}"
EndProject
Project("{FAE04EC0-301F-11D3-BF4B-00C04F79EFBC}") = "Abstractions", "Abstractions\Abstractions.csproj", "{BAC75963-4CCA-4394-B05C-86131303BD77}"
EndProject
Project("{FAE04EC0-301F-11D3-BF4B-00C04F79EFBC}") = "Sha512", "Sha512\Sha512.csproj", "{53B58899-9308-4B03-84A8-EDC03AB07FC6}"
EndProject
Project("{FAE04EC0-301F-11D3-BF4B-00C04F79EFBC}") = "Database", "Database\Database.csproj", "{F1AA2DBE-F721-490C-8A46-96FE6A7766F7}"
EndProject
Project("{FAE04EC0-301F-11D3-BF4B-00C04F79EFBC}") = "Domain", "Domain\Domain.csproj", "{54E8E213-E483-47B7-9344-EEF055466942}"
EndProject
Project("{FAE04EC0-301F-11D3-BF4B-00C04F79EFBC}") = "Domain.Entities", "Domain.Entities\Domain.Entities.csproj", "{0509BA33-E7C2-4C36-8CD4-7DC3758E77CA}"
EndProject
Global
	GlobalSection(SolutionConfigurationPlatforms) = preSolution
		Debug|Any CPU = Debug|Any CPU
		Release|Any CPU = Release|Any CPU
	EndGlobalSection
	GlobalSection(ProjectConfigurationPlatforms) = postSolution
		{25C1E4C7-B2F5-4B60-9AD0-0B37BCD6B5A7}.Debug|Any CPU.ActiveCfg = Debug|Any CPU
		{25C1E4C7-B2F5-4B60-9AD0-0B37BCD6B5A7}.Debug|Any CPU.Build.0 = Debug|Any CPU
		{25C1E4C7-B2F5-4B60-9AD0-0B37BCD6B5A7}.Release|Any CPU.ActiveCfg = Release|Any CPU
		{25C1E4C7-B2F5-4B60-9AD0-0B37BCD6B5A7}.Release|Any CPU.Build.0 = Release|Any CPU
		{BAC75963-4CCA-4394-B05C-86131303BD77}.Debug|Any CPU.ActiveCfg = Debug|Any CPU
		{BAC75963-4CCA-4394-B05C-86131303BD77}.Debug|Any CPU.Build.0 = Debug|Any CPU
		{BAC75963-4CCA-4394-B05C-86131303BD77}.Release|Any CPU.ActiveCfg = Release|Any CPU
		{BAC75963-4CCA-4394-B05C-86131303BD77}.Release|Any CPU.Build.0 = Release|Any CPU
		{53B58899-9308-4B03-84A8-EDC03AB07FC6}.Debug|Any CPU.ActiveCfg = Debug|Any CPU
		{53B58899-9308-4B03-84A8-EDC03AB07FC6}.Debug|Any CPU.Build.0 = Debug|Any CPU
		{53B58899-9308-4B03-84A8-EDC03AB07FC6}.Release|Any CPU.ActiveCfg = Release|Any CPU
		{53B58899-9308-4B03-84A8-EDC03AB07FC6}.Release|Any CPU.Build.0 = Release|Any CPU
		{F1AA2DBE-F721-490C-8A46-96FE6A7766F7}.Debug|Any CPU.ActiveCfg = Debug|Any CPU
		{F1AA2DBE-F721-490C-8A46-96FE6A7766F7}.Debug|Any CPU.Build.0 = Debug|Any CPU
		{F1AA2DBE-F721-490C-8A46-96FE6A7766F7}.Release|Any CPU.ActiveCfg = Release|Any CPU
		{F1AA2DBE-F721-490C-8A46-96FE6A7766F7}.Release|Any CPU.Build.0 = Release|Any CPU
		{54E8E213-E483-47B7-9344-EEF055466942}.Debug|Any CPU.ActiveCfg = Debug|Any CPU
		{54E8E213-E483-47B7-9344-EEF055466942}.Debug|Any CPU.Build.0 = Debug|Any CPU
		{54E8E213-E483-47B7-9344-EEF055466942}.Release|Any CPU.ActiveCfg = Release|Any CPU
		{54E8E213-E483-47B7-9344-EEF055466942}.Release|Any CPU.Build.0 = Release|Any CPU
		{0509BA33-E7C2-4C36-8CD4-7DC3758E77CA}.Debug|Any CPU.ActiveCfg = Debug|Any CPU
		{0509BA33-E7C2-4C36-8CD4-7DC3758E77CA}.Debug|Any CPU.Build.0 = Debug|Any CPU
		{0509BA33-E7C2-4C36-8CD4-7DC3758E77CA}.Release|Any CPU.ActiveCfg = Release|Any CPU
		{0509BA33-E7C2-4C36-8CD4-7DC3758E77CA}.Release|Any CPU.Build.0 = Release|Any CPU
	EndGlobalSection
	GlobalSection(SolutionProperties) = preSolution
		HideSolutionNode = FALSE
	EndGlobalSection
	GlobalSection(NestedProjects) = preSolution
		{BAC75963-4CCA-4394-B05C-86131303BD77} = {A3FC4872-5B2A-4868-9F40-6584BD30A15C}
		{53B58899-9308-4B03-84A8-EDC03AB07FC6} = {A3FC4872-5B2A-4868-9F40-6584BD30A15C}
	EndGlobalSection
	GlobalSection(ExtensibilityGlobals) = postSolution
		SolutionGuid = {D656ABAC-2E86-4423-A1BB-02FCD1BEB8A7}
	EndGlobalSection
EndGlobal
